// !$*UTF8*$!
{
	archiveVersion = 1;
	classes = {
	};
	objectVersion = 51;
	objects = {

/* Begin PBXBuildFile section */
		F0107E9F23D0DBA800AB26BF /* Activeledger_SDK_IOS.framework in Frameworks */ = {isa = PBXBuildFile; fileRef = F0107E9E23D0DB1000AB26BF /* Activeledger_SDK_IOS.framework */; };
		F0107EA023D0DBA900AB26BF /* Activeledger_SDK_IOS.framework in Embed Frameworks */ = {isa = PBXBuildFile; fileRef = F0107E9E23D0DB1000AB26BF /* Activeledger_SDK_IOS.framework */; settings = {ATTRIBUTES = (CodeSignOnCopy, RemoveHeadersOnCopy, ); }; };
		F06FFCE123D0BFE700C32AB8 /* Pods_SDK_IOS_Example.framework in Frameworks */ = {isa = PBXBuildFile; fileRef = 469770985E3D47018E7C7EB1 /* Pods_SDK_IOS_Example.framework */; };
		F06FFCE223D0BFE700C32AB8 /* Pods_SDK_IOS_Example.framework in Embed Frameworks */ = {isa = PBXBuildFile; fileRef = 469770985E3D47018E7C7EB1 /* Pods_SDK_IOS_Example.framework */; settings = {ATTRIBUTES = (CodeSignOnCopy, RemoveHeadersOnCopy, ); }; };
		F0AB8D3E23C1382F002AD0CD /* AppDelegate.swift in Sources */ = {isa = PBXBuildFile; fileRef = F0AB8D3D23C1382F002AD0CD /* AppDelegate.swift */; };
		F0AB8D4023C1382F002AD0CD /* SceneDelegate.swift in Sources */ = {isa = PBXBuildFile; fileRef = F0AB8D3F23C1382F002AD0CD /* SceneDelegate.swift */; };
		F0AB8D4223C1382F002AD0CD /* ViewController.swift in Sources */ = {isa = PBXBuildFile; fileRef = F0AB8D4123C1382F002AD0CD /* ViewController.swift */; };
		F0AB8D4523C1382F002AD0CD /* Main.storyboard in Resources */ = {isa = PBXBuildFile; fileRef = F0AB8D4323C1382F002AD0CD /* Main.storyboard */; };
		F0AB8D4723C13833002AD0CD /* Assets.xcassets in Resources */ = {isa = PBXBuildFile; fileRef = F0AB8D4623C13833002AD0CD /* Assets.xcassets */; };
		F0AB8D4A23C13833002AD0CD /* LaunchScreen.storyboard in Resources */ = {isa = PBXBuildFile; fileRef = F0AB8D4823C13833002AD0CD /* LaunchScreen.storyboard */; };
/* End PBXBuildFile section */

/* Begin PBXContainerItemProxy section */
		F0107E9D23D0DB1000AB26BF /* PBXContainerItemProxy */ = {
			isa = PBXContainerItemProxy;
			containerPortal = F0107E9923D0DB1000AB26BF /* Activeledger-SDK-IOS.xcodeproj */;
			proxyType = 2;
			remoteGlobalIDString = F0AB8D5B23C138F5002AD0CD;
			remoteInfo = "Activeledger-SDK-IOS";
		};
/* End PBXContainerItemProxy section */

/* Begin PBXCopyFilesBuildPhase section */
		F0AB8D7323C13BD7002AD0CD /* Embed Frameworks */ = {
			isa = PBXCopyFilesBuildPhase;
			buildActionMask = 2147483647;
			dstPath = "";
			dstSubfolderSpec = 10;
			files = (
				F0107EA023D0DBA900AB26BF /* Activeledger_SDK_IOS.framework in Embed Frameworks */,
				F06FFCE223D0BFE700C32AB8 /* Pods_SDK_IOS_Example.framework in Embed Frameworks */,
			);
			name = "Embed Frameworks";
			runOnlyForDeploymentPostprocessing = 0;
		};
/* End PBXCopyFilesBuildPhase section */

/* Begin PBXFileReference section */
		469770985E3D47018E7C7EB1 /* Pods_SDK_IOS_Example.framework */ = {isa = PBXFileReference; explicitFileType = wrapper.framework; includeInIndex = 0; path = Pods_SDK_IOS_Example.framework; sourceTree = BUILT_PRODUCTS_DIR; };
		54F54EAE04090B9024AA28C5 /* Pods-SDK-IOS-Example.debug.xcconfig */ = {isa = PBXFileReference; includeInIndex = 1; lastKnownFileType = text.xcconfig; name = "Pods-SDK-IOS-Example.debug.xcconfig"; path = "Target Support Files/Pods-SDK-IOS-Example/Pods-SDK-IOS-Example.debug.xcconfig"; sourceTree = "<group>"; };
		7F03D7C4B5C2453E5773BE01 /* Pods-SDK-IOS-Example.release.xcconfig */ = {isa = PBXFileReference; includeInIndex = 1; lastKnownFileType = text.xcconfig; name = "Pods-SDK-IOS-Example.release.xcconfig"; path = "Target Support Files/Pods-SDK-IOS-Example/Pods-SDK-IOS-Example.release.xcconfig"; sourceTree = "<group>"; };
		F0107E9923D0DB1000AB26BF /* Activeledger-SDK-IOS.xcodeproj */ = {isa = PBXFileReference; lastKnownFileType = "wrapper.pb-project"; name = "Activeledger-SDK-IOS.xcodeproj"; path = "../Activeledger-SDK-IOS/Activeledger-SDK-IOS.xcodeproj"; sourceTree = "<group>"; };
		F0AB8D3A23C1382F002AD0CD /* SDK-IOS-Example.app */ = {isa = PBXFileReference; explicitFileType = wrapper.application; includeInIndex = 0; path = "SDK-IOS-Example.app"; sourceTree = BUILT_PRODUCTS_DIR; };
		F0AB8D3D23C1382F002AD0CD /* AppDelegate.swift */ = {isa = PBXFileReference; lastKnownFileType = sourcecode.swift; path = AppDelegate.swift; sourceTree = "<group>"; };
		F0AB8D3F23C1382F002AD0CD /* SceneDelegate.swift */ = {isa = PBXFileReference; lastKnownFileType = sourcecode.swift; path = SceneDelegate.swift; sourceTree = "<group>"; };
		F0AB8D4123C1382F002AD0CD /* ViewController.swift */ = {isa = PBXFileReference; lastKnownFileType = sourcecode.swift; path = ViewController.swift; sourceTree = "<group>"; };
		F0AB8D4423C1382F002AD0CD /* Base */ = {isa = PBXFileReference; lastKnownFileType = file.storyboard; name = Base; path = Base.lproj/Main.storyboard; sourceTree = "<group>"; };
		F0AB8D4623C13833002AD0CD /* Assets.xcassets */ = {isa = PBXFileReference; lastKnownFileType = folder.assetcatalog; path = Assets.xcassets; sourceTree = "<group>"; };
		F0AB8D4923C13833002AD0CD /* Base */ = {isa = PBXFileReference; lastKnownFileType = file.storyboard; name = Base; path = Base.lproj/LaunchScreen.storyboard; sourceTree = "<group>"; };
		F0AB8D4B23C13833002AD0CD /* Info.plist */ = {isa = PBXFileReference; lastKnownFileType = text.plist.xml; path = Info.plist; sourceTree = "<group>"; };
/* End PBXFileReference section */

/* Begin PBXFrameworksBuildPhase section */
		F0AB8D3723C1382F002AD0CD /* Frameworks */ = {
			isa = PBXFrameworksBuildPhase;
			buildActionMask = 2147483647;
			files = (
				F0107E9F23D0DBA800AB26BF /* Activeledger_SDK_IOS.framework in Frameworks */,
				F06FFCE123D0BFE700C32AB8 /* Pods_SDK_IOS_Example.framework in Frameworks */,
			);
			runOnlyForDeploymentPostprocessing = 0;
		};
/* End PBXFrameworksBuildPhase section */

/* Begin PBXGroup section */
		0B19EA292D4B635E3B59E257 /* Pods */ = {
			isa = PBXGroup;
			children = (
				54F54EAE04090B9024AA28C5 /* Pods-SDK-IOS-Example.debug.xcconfig */,
				7F03D7C4B5C2453E5773BE01 /* Pods-SDK-IOS-Example.release.xcconfig */,
			);
			path = Pods;
			sourceTree = "<group>";
		};
		F0107E9A23D0DB1000AB26BF /* Products */ = {
			isa = PBXGroup;
			children = (
				F0107E9E23D0DB1000AB26BF /* Activeledger_SDK_IOS.framework */,
			);
			name = Products;
			sourceTree = "<group>";
		};
		F0AB8D3123C1382F002AD0CD = {
			isa = PBXGroup;
			children = (
				F0107E9923D0DB1000AB26BF /* Activeledger-SDK-IOS.xcodeproj */,
				F0AB8D3C23C1382F002AD0CD /* SDK-IOS-Example */,
				F0AB8D3B23C1382F002AD0CD /* Products */,
				F0AB8D6F23C13BD7002AD0CD /* Frameworks */,
				0B19EA292D4B635E3B59E257 /* Pods */,
			);
			sourceTree = "<group>";
		};
		F0AB8D3B23C1382F002AD0CD /* Products */ = {
			isa = PBXGroup;
			children = (
				F0AB8D3A23C1382F002AD0CD /* SDK-IOS-Example.app */,
			);
			name = Products;
			sourceTree = "<group>";
		};
		F0AB8D3C23C1382F002AD0CD /* SDK-IOS-Example */ = {
			isa = PBXGroup;
			children = (
				F0AB8D3D23C1382F002AD0CD /* AppDelegate.swift */,
				F0AB8D3F23C1382F002AD0CD /* SceneDelegate.swift */,
				F0AB8D4123C1382F002AD0CD /* ViewController.swift */,
				F0AB8D4323C1382F002AD0CD /* Main.storyboard */,
				F0AB8D4623C13833002AD0CD /* Assets.xcassets */,
				F0AB8D4823C13833002AD0CD /* LaunchScreen.storyboard */,
				F0AB8D4B23C13833002AD0CD /* Info.plist */,
			);
			path = "SDK-IOS-Example";
			sourceTree = "<group>";
		};
		F0AB8D6F23C13BD7002AD0CD /* Frameworks */ = {
			isa = PBXGroup;
			children = (
				469770985E3D47018E7C7EB1 /* Pods_SDK_IOS_Example.framework */,
			);
			name = Frameworks;
			sourceTree = "<group>";
		};
/* End PBXGroup section */

/* Begin PBXNativeTarget section */
		F0AB8D3923C1382F002AD0CD /* SDK-IOS-Example */ = {
			isa = PBXNativeTarget;
			buildConfigurationList = F0AB8D4E23C13833002AD0CD /* Build configuration list for PBXNativeTarget "SDK-IOS-Example" */;
			buildPhases = (
				719A9D0936D0CBA5D2600546 /* [CP] Check Pods Manifest.lock */,
				F0AB8D3623C1382F002AD0CD /* Sources */,
				F0AB8D3723C1382F002AD0CD /* Frameworks */,
				F0AB8D3823C1382F002AD0CD /* Resources */,
				F0AB8D7323C13BD7002AD0CD /* Embed Frameworks */,
				CDBA110D6F36D6A680EACFCD /* [CP] Embed Pods Frameworks */,
			);
			buildRules = (
			);
			dependencies = (
			);
			name = "SDK-IOS-Example";
			productName = "SDK-IOS-Example";
			productReference = F0AB8D3A23C1382F002AD0CD /* SDK-IOS-Example.app */;
			productType = "com.apple.product-type.application";
		};
/* End PBXNativeTarget section */

/* Begin PBXProject section */
		F0AB8D3223C1382F002AD0CD /* Project object */ = {
			isa = PBXProject;
			attributes = {
				LastSwiftUpdateCheck = 1130;
				LastUpgradeCheck = 1130;
				ORGANIZATIONNAME = "Hamid Qureshi";
				TargetAttributes = {
					F0AB8D3923C1382F002AD0CD = {
						CreatedOnToolsVersion = 11.3;
					};
				};
			};
			buildConfigurationList = F0AB8D3523C1382F002AD0CD /* Build configuration list for PBXProject "SDK-IOS-Example" */;
			compatibilityVersion = "Xcode 9.3";
			developmentRegion = en;
			hasScannedForEncodings = 0;
			knownRegions = (
				en,
				Base,
			);
			mainGroup = F0AB8D3123C1382F002AD0CD;
			productRefGroup = F0AB8D3B23C1382F002AD0CD /* Products */;
			projectDirPath = "";
			projectReferences = (
				{
					ProductGroup = F0107E9A23D0DB1000AB26BF /* Products */;
					ProjectRef = F0107E9923D0DB1000AB26BF /* Activeledger-SDK-IOS.xcodeproj */;
				},
			);
			projectRoot = "";
			targets = (
				F0AB8D3923C1382F002AD0CD /* SDK-IOS-Example */,
			);
		};
/* End PBXProject section */

/* Begin PBXReferenceProxy section */
		F0107E9E23D0DB1000AB26BF /* Activeledger_SDK_IOS.framework */ = {
			isa = PBXReferenceProxy;
			fileType = wrapper.framework;
			path = Activeledger_SDK_IOS.framework;
			remoteRef = F0107E9D23D0DB1000AB26BF /* PBXContainerItemProxy */;
			sourceTree = BUILT_PRODUCTS_DIR;
		};
/* End PBXReferenceProxy section */

/* Begin PBXResourcesBuildPhase section */
		F0AB8D3823C1382F002AD0CD /* Resources */ = {
			isa = PBXResourcesBuildPhase;
			buildActionMask = 2147483647;
			files = (
				F0AB8D4A23C13833002AD0CD /* LaunchScreen.storyboard in Resources */,
				F0AB8D4723C13833002AD0CD /* Assets.xcassets in Resources */,
				F0AB8D4523C1382F002AD0CD /* Main.storyboard in Resources */,
			);
			runOnlyForDeploymentPostprocessing = 0;
		};
/* End PBXResourcesBuildPhase section */

/* Begin PBXShellScriptBuildPhase section */
		719A9D0936D0CBA5D2600546 /* [CP] Check Pods Manifest.lock */ = {
			isa = PBXShellScriptBuildPhase;
			buildActionMask = 2147483647;
			files = (
			);
			inputFileListPaths = (
			);
			inputPaths = (
				"${PODS_PODFILE_DIR_PATH}/Podfile.lock",
				"${PODS_ROOT}/Manifest.lock",
			);
			name = "[CP] Check Pods Manifest.lock";
			outputFileListPaths = (
			);
			outputPaths = (
				"$(DERIVED_FILE_DIR)/Pods-SDK-IOS-Example-checkManifestLockResult.txt",
			);
			runOnlyForDeploymentPostprocessing = 0;
			shellPath = /bin/sh;
			shellScript = "diff \"${PODS_PODFILE_DIR_PATH}/Podfile.lock\" \"${PODS_ROOT}/Manifest.lock\" > /dev/null\nif [ $? != 0 ] ; then\n    # print error to STDERR\n    echo \"error: The sandbox is not in sync with the Podfile.lock. Run 'pod install' or update your CocoaPods installation.\" >&2\n    exit 1\nfi\n# This output is used by Xcode 'outputs' to avoid re-running this script phase.\necho \"SUCCESS\" > \"${SCRIPT_OUTPUT_FILE_0}\"\n";
			showEnvVarsInLog = 0;
		};
		CDBA110D6F36D6A680EACFCD /* [CP] Embed Pods Frameworks */ = {
			isa = PBXShellScriptBuildPhase;
			buildActionMask = 2147483647;
			files = (
			);
			inputFileListPaths = (
				"${PODS_ROOT}/Target Support Files/Pods-SDK-IOS-Example/Pods-SDK-IOS-Example-frameworks-${CONFIGURATION}-input-files.xcfilelist",
			);
			name = "[CP] Embed Pods Frameworks";
			outputFileListPaths = (
				"${PODS_ROOT}/Target Support Files/Pods-SDK-IOS-Example/Pods-SDK-IOS-Example-frameworks-${CONFIGURATION}-output-files.xcfilelist",
			);
			runOnlyForDeploymentPostprocessing = 0;
			shellPath = /bin/sh;
			shellScript = "\"${PODS_ROOT}/Target Support Files/Pods-SDK-IOS-Example/Pods-SDK-IOS-Example-frameworks.sh\"\n";
			showEnvVarsInLog = 0;
		};
/* End PBXShellScriptBuildPhase section */

/* Begin PBXSourcesBuildPhase section */
		F0AB8D3623C1382F002AD0CD /* Sources */ = {
			isa = PBXSourcesBuildPhase;
			buildActionMask = 2147483647;
			files = (
				F0AB8D4223C1382F002AD0CD /* ViewController.swift in Sources */,
				F0AB8D3E23C1382F002AD0CD /* AppDelegate.swift in Sources */,
				F0AB8D4023C1382F002AD0CD /* SceneDelegate.swift in Sources */,
			);
			runOnlyForDeploymentPostprocessing = 0;
		};
/* End PBXSourcesBuildPhase section */

/* Begin PBXVariantGroup section */
		F0AB8D4323C1382F002AD0CD /* Main.storyboard */ = {
			isa = PBXVariantGroup;
			children = (
				F0AB8D4423C1382F002AD0CD /* Base */,
			);
			name = Main.storyboard;
			sourceTree = "<group>";
		};
		F0AB8D4823C13833002AD0CD /* LaunchScreen.storyboard */ = {
			isa = PBXVariantGroup;
			children = (
				F0AB8D4923C13833002AD0CD /* Base */,
			);
			name = LaunchScreen.storyboard;
			sourceTree = "<group>";
		};
/* End PBXVariantGroup section */

/* Begin XCBuildConfiguration section */
		F0AB8D4C23C13833002AD0CD /* Debug */ = {
			isa = XCBuildConfiguration;
			buildSettings = {
				ALWAYS_SEARCH_USER_PATHS = NO;
				CLANG_ANALYZER_NONNULL = YES;
				CLANG_ANALYZER_NUMBER_OBJECT_CONVERSION = YES_AGGRESSIVE;
				CLANG_CXX_LANGUAGE_STANDARD = "gnu++14";
				CLANG_CXX_LIBRARY = "libc++";
				CLANG_ENABLE_MODULES = YES;
				CLANG_ENABLE_OBJC_ARC = YES;
				CLANG_ENABLE_OBJC_WEAK = YES;
				CLANG_WARN_BLOCK_CAPTURE_AUTORELEASING = YES;
				CLANG_WARN_BOOL_CONVERSION = YES;
				CLANG_WARN_COMMA = YES;
				CLANG_WARN_CONSTANT_CONVERSION = YES;
				CLANG_WARN_DEPRECATED_OBJC_IMPLEMENTATIONS = YES;
				CLANG_WARN_DIRECT_OBJC_ISA_USAGE = YES_ERROR;
				CLANG_WARN_DOCUMENTATION_COMMENTS = YES;
				CLANG_WARN_EMPTY_BODY = YES;
				CLANG_WARN_ENUM_CONVERSION = YES;
				CLANG_WARN_INFINITE_RECURSION = YES;
				CLANG_WARN_INT_CONVERSION = YES;
				CLANG_WARN_NON_LITERAL_NULL_CONVERSION = YES;
				CLANG_WARN_OBJC_IMPLICIT_RETAIN_SELF = YES;
				CLANG_WARN_OBJC_LITERAL_CONVERSION = YES;
				CLANG_WARN_OBJC_ROOT_CLASS = YES_ERROR;
				CLANG_WARN_RANGE_LOOP_ANALYSIS = YES;
				CLANG_WARN_STRICT_PROTOTYPES = YES;
				CLANG_WARN_SUSPICIOUS_MOVE = YES;
				CLANG_WARN_UNGUARDED_AVAILABILITY = YES_AGGRESSIVE;
				CLANG_WARN_UNREACHABLE_CODE = YES;
				CLANG_WARN__DUPLICATE_METHOD_MATCH = YES;
				COPY_PHASE_STRIP = NO;
				DEBUG_INFORMATION_FORMAT = dwarf;
				ENABLE_STRICT_OBJC_MSGSEND = YES;
				ENABLE_TESTABILITY = YES;
				GCC_C_LANGUAGE_STANDARD = gnu11;
				GCC_DYNAMIC_NO_PIC = NO;
				GCC_NO_COMMON_BLOCKS = YES;
				GCC_OPTIMIZATION_LEVEL = 0;
				GCC_PREPROCESSOR_DEFINITIONS = (
					"DEBUG=1",
					"$(inherited)",
				);
				GCC_WARN_64_TO_32_BIT_CONVERSION = YES;
				GCC_WARN_ABOUT_RETURN_TYPE = YES_ERROR;
				GCC_WARN_UNDECLARED_SELECTOR = YES;
				GCC_WARN_UNINITIALIZED_AUTOS = YES_AGGRESSIVE;
				GCC_WARN_UNUSED_FUNCTION = YES;
				GCC_WARN_UNUSED_VARIABLE = YES;
				IPHONEOS_DEPLOYMENT_TARGET = 13.2;
				MTL_ENABLE_DEBUG_INFO = INCLUDE_SOURCE;
				MTL_FAST_MATH = YES;
				ONLY_ACTIVE_ARCH = YES;
				SDKROOT = iphoneos;
				SWIFT_ACTIVE_COMPILATION_CONDITIONS = DEBUG;
				SWIFT_OPTIMIZATION_LEVEL = "-Onone";
			};
			name = Debug;
		};
		F0AB8D4D23C13833002AD0CD /* Release */ = {
			isa = XCBuildConfiguration;
			buildSettings = {
				ALWAYS_SEARCH_USER_PATHS = NO;
				CLANG_ANALYZER_NONNULL = YES;
				CLANG_ANALYZER_NUMBER_OBJECT_CONVERSION = YES_AGGRESSIVE;
				CLANG_CXX_LANGUAGE_STANDARD = "gnu++14";
				CLANG_CXX_LIBRARY = "libc++";
				CLANG_ENABLE_MODULES = YES;
				CLANG_ENABLE_OBJC_ARC = YES;
				CLANG_ENABLE_OBJC_WEAK = YES;
				CLANG_WARN_BLOCK_CAPTURE_AUTORELEASING = YES;
				CLANG_WARN_BOOL_CONVERSION = YES;
				CLANG_WARN_COMMA = YES;
				CLANG_WARN_CONSTANT_CONVERSION = YES;
				CLANG_WARN_DEPRECATED_OBJC_IMPLEMENTATIONS = YES;
				CLANG_WARN_DIRECT_OBJC_ISA_USAGE = YES_ERROR;
				CLANG_WARN_DOCUMENTATION_COMMENTS = YES;
				CLANG_WARN_EMPTY_BODY = YES;
				CLANG_WARN_ENUM_CONVERSION = YES;
				CLANG_WARN_INFINITE_RECURSION = YES;
				CLANG_WARN_INT_CONVERSION = YES;
				CLANG_WARN_NON_LITERAL_NULL_CONVERSION = YES;
				CLANG_WARN_OBJC_IMPLICIT_RETAIN_SELF = YES;
				CLANG_WARN_OBJC_LITERAL_CONVERSION = YES;
				CLANG_WARN_OBJC_ROOT_CLASS = YES_ERROR;
				CLANG_WARN_RANGE_LOOP_ANALYSIS = YES;
				CLANG_WARN_STRICT_PROTOTYPES = YES;
				CLANG_WARN_SUSPICIOUS_MOVE = YES;
				CLANG_WARN_UNGUARDED_AVAILABILITY = YES_AGGRESSIVE;
				CLANG_WARN_UNREACHABLE_CODE = YES;
				CLANG_WARN__DUPLICATE_METHOD_MATCH = YES;
				COPY_PHASE_STRIP = NO;
				DEBUG_INFORMATION_FORMAT = "dwarf-with-dsym";
				ENABLE_NS_ASSERTIONS = NO;
				ENABLE_STRICT_OBJC_MSGSEND = YES;
				GCC_C_LANGUAGE_STANDARD = gnu11;
				GCC_NO_COMMON_BLOCKS = YES;
				GCC_WARN_64_TO_32_BIT_CONVERSION = YES;
				GCC_WARN_ABOUT_RETURN_TYPE = YES_ERROR;
				GCC_WARN_UNDECLARED_SELECTOR = YES;
				GCC_WARN_UNINITIALIZED_AUTOS = YES_AGGRESSIVE;
				GCC_WARN_UNUSED_FUNCTION = YES;
				GCC_WARN_UNUSED_VARIABLE = YES;
				IPHONEOS_DEPLOYMENT_TARGET = 13.2;
				MTL_ENABLE_DEBUG_INFO = NO;
				MTL_FAST_MATH = YES;
				SDKROOT = iphoneos;
				SWIFT_COMPILATION_MODE = wholemodule;
				SWIFT_OPTIMIZATION_LEVEL = "-O";
				VALIDATE_PRODUCT = YES;
			};
			name = Release;
		};
		F0AB8D4F23C13833002AD0CD /* Debug */ = {
			isa = XCBuildConfiguration;
			baseConfigurationReference = 54F54EAE04090B9024AA28C5 /* Pods-SDK-IOS-Example.debug.xcconfig */;
			buildSettings = {
				ASSETCATALOG_COMPILER_APPICON_NAME = AppIcon;
				CODE_SIGN_STYLE = Automatic;
				DEVELOPMENT_TEAM = F36GMSWFYK;
				INFOPLIST_FILE = "SDK-IOS-Example/Info.plist";
				LD_RUNPATH_SEARCH_PATHS = (
					"$(inherited)",
					"@executable_path/Frameworks",
				);
				PRODUCT_BUNDLE_IDENTIFIER = "activeledger.SDK-IOS-Example";
				PRODUCT_NAME = "$(TARGET_NAME)";
				SWIFT_VERSION = 5.0;
				TARGETED_DEVICE_FAMILY = "1,2";
			};
			name = Debug;
		};
		F0AB8D5023C13833002AD0CD /* Release */ = {
			isa = XCBuildConfiguration;
			baseConfigurationReference = 7F03D7C4B5C2453E5773BE01 /* Pods-SDK-IOS-Example.release.xcconfig */;
			buildSettings = {
				ASSETCATALOG_COMPILER_APPICON_NAME = AppIcon;
				CODE_SIGN_STYLE = Automatic;
				DEVELOPMENT_TEAM = F36GMSWFYK;
				INFOPLIST_FILE = "SDK-IOS-Example/Info.plist";
				LD_RUNPATH_SEARCH_PATHS = (
					"$(inherited)",
					"@executable_path/Frameworks",
				);
				PRODUCT_BUNDLE_IDENTIFIER = "activeledger.SDK-IOS-Example";
				PRODUCT_NAME = "$(TARGET_NAME)";
				SWIFT_VERSION = 5.0;
				TARGETED_DEVICE_FAMILY = "1,2";
			};
			name = Release;
		};
/* End XCBuildConfiguration section */

/* Begin XCConfigurationList section */
		F0AB8D3523C1382F002AD0CD /* Build configuration list for PBXProject "SDK-IOS-Example" */ = {
			isa = XCConfigurationList;
			buildConfigurations = (
				F0AB8D4C23C13833002AD0CD /* Debug */,
				F0AB8D4D23C13833002AD0CD /* Release */,
			);
			defaultConfigurationIsVisible = 0;
			defaultConfigurationName = Release;
		};
		F0AB8D4E23C13833002AD0CD /* Build configuration list for PBXNativeTarget "SDK-IOS-Example" */ = {
			isa = XCConfigurationList;
			buildConfigurations = (
				F0AB8D4F23C13833002AD0CD /* Debug */,
				F0AB8D5023C13833002AD0CD /* Release */,
			);
			defaultConfigurationIsVisible = 0;
			defaultConfigurationName = Release;
		};
/* End XCConfigurationList section */
	};
	rootObject = F0AB8D3223C1382F002AD0CD /* Project object */;
}
